
Microsoft Visual Studio Solution File, Format Version 12.00
# Visual Studio Version 16
VisualStudioVersion = 16.0.30907.101
MinimumVisualStudioVersion = 10.0.40219.1
Project("{FAE04EC0-301F-11D3-BF4B-00C04F79EFBC}") = "BaiGiangTrucTuyen", "BaiGiangTrucTuyen\BaiGiangTrucTuyen.csproj", "{A501D185-079C-4CCD-A8CD-91C017DBD4E5}"
EndProject
Global
	GlobalSection(SolutionConfigurationPlatforms) = preSolution
		Debug|Any CPU = Debug|Any CPU
		Release|Any CPU = Release|Any CPU
	EndGlobalSection
	GlobalSection(ProjectConfigurationPlatforms) = postSolution
		{A501D185-079C-4CCD-A8CD-91C017DBD4E5}.Debug|Any CPU.ActiveCfg = Debug|Any CPU
		{A501D185-079C-4CCD-A8CD-91C017DBD4E5}.Debug|Any CPU.Build.0 = Debug|Any CPU
		{A501D185-079C-4CCD-A8CD-91C017DBD4E5}.Release|Any CPU.ActiveCfg = Release|Any CPU
		{A501D185-079C-4CCD-A8CD-91C017DBD4E5}.Release|Any CPU.Build.0 = Release|Any CPU
	EndGlobalSection
	GlobalSection(SolutionProperties) = preSolution
		HideSolutionNode = FALSE
	EndGlobalSection
	GlobalSection(ExtensibilityGlobals) = postSolution
		SolutionGuid = {1B4C6C25-9828-4C97-8AB9-FA0EE86CE177}
	EndGlobalSection
EndGlobal
